
Microsoft Visual Studio Solution File, Format Version 12.00
Project("{FAE04EC0-301F-11D3-BF4B-00C04F79EFBC}") = "App.Api", "App.Api\App.Api.csproj", "{16EC1053-68E4-4957-A996-A82117518AE6}"
	ProjectSection(ProjectDependencies) = postProject
		{B861DEA4-0BAE-4EAA-A366-841E76F8E58C} = {B861DEA4-0BAE-4EAA-A366-841E76F8E58C}
	EndProjectSection
EndProject
Project("{2150E333-8FDC-42A3-9474-1A3956D46DE8}") = "0_Solution_items", "0_Solution_items", "{A5DEB7E7-A2AF-490C-8FEC-EC3366A4BD7C}"
	ProjectSection(SolutionItems) = preProject
		Dockerfile = Dockerfile
		.dockerignore = .dockerignore
		Directory.Build.Props = Directory.Build.Props
		docker-compose.yml = docker-compose.yml
	EndProjectSection
EndProject
Project("{2150E333-8FDC-42A3-9474-1A3956D46DE8}") = "App", "App", "{6720B531-A527-42CB-96A8-DBC552043039}"
EndProject
Project("{FAE04EC0-301F-11D3-BF4B-00C04F79EFBC}") = "App.Domain", "App.Domain\App.Domain.csproj", "{B9E3DEC8-7610-4058-A980-B4CB8198776C}"
EndProject
Project("{FAE04EC0-301F-11D3-BF4B-00C04F79EFBC}") = "App.DAL.EF", "App.DAL.EF\App.DAL.EF.csproj", "{399833C1-ECA2-4502-A1C6-A32636F649CA}"
	ProjectSection(ProjectDependencies) = postProject
		{B9E3DEC8-7610-4058-A980-B4CB8198776C} = {B9E3DEC8-7610-4058-A980-B4CB8198776C}
		{7A11E1B8-ECF7-46F2-A0D0-5B84B99BA652} = {7A11E1B8-ECF7-46F2-A0D0-5B84B99BA652}
	EndProjectSection
EndProject
Project("{FAE04EC0-301F-11D3-BF4B-00C04F79EFBC}") = "App.Contracts.DAL", "App.Contracts.DAL\App.Contracts.DAL.csproj", "{6A33140C-91EE-4908-A973-8BC9082A0386}"
	ProjectSection(ProjectDependencies) = postProject
		{7A11E1B8-ECF7-46F2-A0D0-5B84B99BA652} = {7A11E1B8-ECF7-46F2-A0D0-5B84B99BA652}
	EndProjectSection
EndProject
Project("{FAE04EC0-301F-11D3-BF4B-00C04F79EFBC}") = "App.DAL.DTO", "App.DAL.DTO\App.DAL.DTO.csproj", "{7A11E1B8-ECF7-46F2-A0D0-5B84B99BA652}"
EndProject
Project("{2150E333-8FDC-42A3-9474-1A3956D46DE8}") = "Base", "Base", "{B10A4617-9BF2-48EB-A637-76BD42CCCA63}"
EndProject
Project("{FAE04EC0-301F-11D3-BF4B-00C04F79EFBC}") = "Base.DAL.EF", "Base.DAL.EF\Base.DAL.EF.csproj", "{37FD2639-1743-4A98-9DA0-030054803243}"
	ProjectSection(ProjectDependencies) = postProject
		{5F6FA3E1-63B8-4B1C-9ACE-F8DC092D9BF8} = {5F6FA3E1-63B8-4B1C-9ACE-F8DC092D9BF8}
		{0326B3EE-D19A-4871-844C-8AB5C1B46F84} = {0326B3EE-D19A-4871-844C-8AB5C1B46F84}
	EndProjectSection
EndProject
Project("{FAE04EC0-301F-11D3-BF4B-00C04F79EFBC}") = "Base.Contracts.DAL", "Base.Contracts.DAL\Base.Contracts.DAL.csproj", "{5F6FA3E1-63B8-4B1C-9ACE-F8DC092D9BF8}"
EndProject
Project("{FAE04EC0-301F-11D3-BF4B-00C04F79EFBC}") = "Base.Contracts.Domain", "Base.Contracts.Domain\Base.Contracts.Domain.csproj", "{0326B3EE-D19A-4871-844C-8AB5C1B46F84}"
EndProject
Project("{FAE04EC0-301F-11D3-BF4B-00C04F79EFBC}") = "App.Contracts.BLL", "App.Contracts.BLL\App.Contracts.BLL.csproj", "{02D4991F-AD59-4146-B031-6BE3FD433FE4}"
	ProjectSection(ProjectDependencies) = postProject
		{8D64DC68-7BEB-4518-B3A1-F6C73B033333} = {8D64DC68-7BEB-4518-B3A1-F6C73B033333}
	EndProjectSection
EndProject
Project("{FAE04EC0-301F-11D3-BF4B-00C04F79EFBC}") = "App.BLL", "App.BLL\App.BLL.csproj", "{275A7199-05FB-4334-B3CE-173A2E8015F5}"
EndProject
Project("{FAE04EC0-301F-11D3-BF4B-00C04F79EFBC}") = "App.BLL.DTO", "App.BLL.DTO\App.BLL.DTO.csproj", "{8D64DC68-7BEB-4518-B3A1-F6C73B033333}"
EndProject
Project("{FAE04EC0-301F-11D3-BF4B-00C04F79EFBC}") = "Base.BLL", "Base.BLL\Base.BLL.csproj", "{88DCA892-13BD-4E03-BFF6-EFD0648BB947}"
EndProject
Project("{FAE04EC0-301F-11D3-BF4B-00C04F79EFBC}") = "Base.Contracts.BLL", "Base.Contracts.BLL\Base.Contracts.BLL.csproj", "{BFD6AAD8-DE5B-4037-A703-3F895C30E3CF}"
EndProject
Project("{FAE04EC0-301F-11D3-BF4B-00C04F79EFBC}") = "App.DTO", "App.DTO\App.DTO.csproj", "{B861DEA4-0BAE-4EAA-A366-841E76F8E58C}"
EndProject
Project("{FAE04EC0-301F-11D3-BF4B-00C04F79EFBC}") = "App.Test", "App.Test\App.Test.csproj", "{458E3AC9-CB94-4D09-B48A-99C034B9035B}"
EndProject
Global
	GlobalSection(SolutionConfigurationPlatforms) = preSolution
		Debug|Any CPU = Debug|Any CPU
		Release|Any CPU = Release|Any CPU
	EndGlobalSection
	GlobalSection(ProjectConfigurationPlatforms) = postSolution
		{16EC1053-68E4-4957-A996-A82117518AE6}.Debug|Any CPU.ActiveCfg = Debug|Any CPU
		{16EC1053-68E4-4957-A996-A82117518AE6}.Debug|Any CPU.Build.0 = Debug|Any CPU
		{16EC1053-68E4-4957-A996-A82117518AE6}.Release|Any CPU.ActiveCfg = Release|Any CPU
		{16EC1053-68E4-4957-A996-A82117518AE6}.Release|Any CPU.Build.0 = Release|Any CPU
		{B9E3DEC8-7610-4058-A980-B4CB8198776C}.Debug|Any CPU.ActiveCfg = Debug|Any CPU
		{B9E3DEC8-7610-4058-A980-B4CB8198776C}.Debug|Any CPU.Build.0 = Debug|Any CPU
		{B9E3DEC8-7610-4058-A980-B4CB8198776C}.Release|Any CPU.ActiveCfg = Release|Any CPU
		{B9E3DEC8-7610-4058-A980-B4CB8198776C}.Release|Any CPU.Build.0 = Release|Any CPU
		{399833C1-ECA2-4502-A1C6-A32636F649CA}.Debug|Any CPU.ActiveCfg = Debug|Any CPU
		{399833C1-ECA2-4502-A1C6-A32636F649CA}.Debug|Any CPU.Build.0 = Debug|Any CPU
		{399833C1-ECA2-4502-A1C6-A32636F649CA}.Release|Any CPU.ActiveCfg = Release|Any CPU
		{399833C1-ECA2-4502-A1C6-A32636F649CA}.Release|Any CPU.Build.0 = Release|Any CPU
		{6A33140C-91EE-4908-A973-8BC9082A0386}.Debug|Any CPU.ActiveCfg = Debug|Any CPU
		{6A33140C-91EE-4908-A973-8BC9082A0386}.Debug|Any CPU.Build.0 = Debug|Any CPU
		{6A33140C-91EE-4908-A973-8BC9082A0386}.Release|Any CPU.ActiveCfg = Release|Any CPU
		{6A33140C-91EE-4908-A973-8BC9082A0386}.Release|Any CPU.Build.0 = Release|Any CPU
		{7A11E1B8-ECF7-46F2-A0D0-5B84B99BA652}.Debug|Any CPU.ActiveCfg = Debug|Any CPU
		{7A11E1B8-ECF7-46F2-A0D0-5B84B99BA652}.Debug|Any CPU.Build.0 = Debug|Any CPU
		{7A11E1B8-ECF7-46F2-A0D0-5B84B99BA652}.Release|Any CPU.ActiveCfg = Release|Any CPU
		{7A11E1B8-ECF7-46F2-A0D0-5B84B99BA652}.Release|Any CPU.Build.0 = Release|Any CPU
		{37FD2639-1743-4A98-9DA0-030054803243}.Debug|Any CPU.ActiveCfg = Debug|Any CPU
		{37FD2639-1743-4A98-9DA0-030054803243}.Debug|Any CPU.Build.0 = Debug|Any CPU
		{37FD2639-1743-4A98-9DA0-030054803243}.Release|Any CPU.ActiveCfg = Release|Any CPU
		{37FD2639-1743-4A98-9DA0-030054803243}.Release|Any CPU.Build.0 = Release|Any CPU
		{5F6FA3E1-63B8-4B1C-9ACE-F8DC092D9BF8}.Debug|Any CPU.ActiveCfg = Debug|Any CPU
		{5F6FA3E1-63B8-4B1C-9ACE-F8DC092D9BF8}.Debug|Any CPU.Build.0 = Debug|Any CPU
		{5F6FA3E1-63B8-4B1C-9ACE-F8DC092D9BF8}.Release|Any CPU.ActiveCfg = Release|Any CPU
		{5F6FA3E1-63B8-4B1C-9ACE-F8DC092D9BF8}.Release|Any CPU.Build.0 = Release|Any CPU
		{0326B3EE-D19A-4871-844C-8AB5C1B46F84}.Debug|Any CPU.ActiveCfg = Debug|Any CPU
		{0326B3EE-D19A-4871-844C-8AB5C1B46F84}.Debug|Any CPU.Build.0 = Debug|Any CPU
		{0326B3EE-D19A-4871-844C-8AB5C1B46F84}.Release|Any CPU.ActiveCfg = Release|Any CPU
		{0326B3EE-D19A-4871-844C-8AB5C1B46F84}.Release|Any CPU.Build.0 = Release|Any CPU
		{02D4991F-AD59-4146-B031-6BE3FD433FE4}.Debug|Any CPU.ActiveCfg = Debug|Any CPU
		{02D4991F-AD59-4146-B031-6BE3FD433FE4}.Debug|Any CPU.Build.0 = Debug|Any CPU
		{02D4991F-AD59-4146-B031-6BE3FD433FE4}.Release|Any CPU.ActiveCfg = Release|Any CPU
		{02D4991F-AD59-4146-B031-6BE3FD433FE4}.Release|Any CPU.Build.0 = Release|Any CPU
		{275A7199-05FB-4334-B3CE-173A2E8015F5}.Debug|Any CPU.ActiveCfg = Debug|Any CPU
		{275A7199-05FB-4334-B3CE-173A2E8015F5}.Debug|Any CPU.Build.0 = Debug|Any CPU
		{275A7199-05FB-4334-B3CE-173A2E8015F5}.Release|Any CPU.ActiveCfg = Release|Any CPU
		{275A7199-05FB-4334-B3CE-173A2E8015F5}.Release|Any CPU.Build.0 = Release|Any CPU
		{8D64DC68-7BEB-4518-B3A1-F6C73B033333}.Debug|Any CPU.ActiveCfg = Debug|Any CPU
		{8D64DC68-7BEB-4518-B3A1-F6C73B033333}.Debug|Any CPU.Build.0 = Debug|Any CPU
		{8D64DC68-7BEB-4518-B3A1-F6C73B033333}.Release|Any CPU.ActiveCfg = Release|Any CPU
		{8D64DC68-7BEB-4518-B3A1-F6C73B033333}.Release|Any CPU.Build.0 = Release|Any CPU
		{88DCA892-13BD-4E03-BFF6-EFD0648BB947}.Debug|Any CPU.ActiveCfg = Debug|Any CPU
		{88DCA892-13BD-4E03-BFF6-EFD0648BB947}.Debug|Any CPU.Build.0 = Debug|Any CPU
		{88DCA892-13BD-4E03-BFF6-EFD0648BB947}.Release|Any CPU.ActiveCfg = Release|Any CPU
		{88DCA892-13BD-4E03-BFF6-EFD0648BB947}.Release|Any CPU.Build.0 = Release|Any CPU
		{BFD6AAD8-DE5B-4037-A703-3F895C30E3CF}.Debug|Any CPU.ActiveCfg = Debug|Any CPU
		{BFD6AAD8-DE5B-4037-A703-3F895C30E3CF}.Debug|Any CPU.Build.0 = Debug|Any CPU
		{BFD6AAD8-DE5B-4037-A703-3F895C30E3CF}.Release|Any CPU.ActiveCfg = Release|Any CPU
		{BFD6AAD8-DE5B-4037-A703-3F895C30E3CF}.Release|Any CPU.Build.0 = Release|Any CPU
		{B861DEA4-0BAE-4EAA-A366-841E76F8E58C}.Debug|Any CPU.ActiveCfg = Debug|Any CPU
		{B861DEA4-0BAE-4EAA-A366-841E76F8E58C}.Debug|Any CPU.Build.0 = Debug|Any CPU
		{B861DEA4-0BAE-4EAA-A366-841E76F8E58C}.Release|Any CPU.ActiveCfg = Release|Any CPU
		{B861DEA4-0BAE-4EAA-A366-841E76F8E58C}.Release|Any CPU.Build.0 = Release|Any CPU
		{458E3AC9-CB94-4D09-B48A-99C034B9035B}.Debug|Any CPU.ActiveCfg = Debug|Any CPU
		{458E3AC9-CB94-4D09-B48A-99C034B9035B}.Debug|Any CPU.Build.0 = Debug|Any CPU
		{458E3AC9-CB94-4D09-B48A-99C034B9035B}.Release|Any CPU.ActiveCfg = Release|Any CPU
		{458E3AC9-CB94-4D09-B48A-99C034B9035B}.Release|Any CPU.Build.0 = Release|Any CPU
	EndGlobalSection
	GlobalSection(NestedProjects) = preSolution
		{16EC1053-68E4-4957-A996-A82117518AE6} = {6720B531-A527-42CB-96A8-DBC552043039}
		{B9E3DEC8-7610-4058-A980-B4CB8198776C} = {6720B531-A527-42CB-96A8-DBC552043039}
		{399833C1-ECA2-4502-A1C6-A32636F649CA} = {6720B531-A527-42CB-96A8-DBC552043039}
		{6A33140C-91EE-4908-A973-8BC9082A0386} = {6720B531-A527-42CB-96A8-DBC552043039}
		{7A11E1B8-ECF7-46F2-A0D0-5B84B99BA652} = {6720B531-A527-42CB-96A8-DBC552043039}
		{37FD2639-1743-4A98-9DA0-030054803243} = {B10A4617-9BF2-48EB-A637-76BD42CCCA63}
		{5F6FA3E1-63B8-4B1C-9ACE-F8DC092D9BF8} = {B10A4617-9BF2-48EB-A637-76BD42CCCA63}
		{0326B3EE-D19A-4871-844C-8AB5C1B46F84} = {B10A4617-9BF2-48EB-A637-76BD42CCCA63}
		{02D4991F-AD59-4146-B031-6BE3FD433FE4} = {6720B531-A527-42CB-96A8-DBC552043039}
		{275A7199-05FB-4334-B3CE-173A2E8015F5} = {6720B531-A527-42CB-96A8-DBC552043039}
		{8D64DC68-7BEB-4518-B3A1-F6C73B033333} = {6720B531-A527-42CB-96A8-DBC552043039}
		{88DCA892-13BD-4E03-BFF6-EFD0648BB947} = {B10A4617-9BF2-48EB-A637-76BD42CCCA63}
		{BFD6AAD8-DE5B-4037-A703-3F895C30E3CF} = {B10A4617-9BF2-48EB-A637-76BD42CCCA63}
		{B861DEA4-0BAE-4EAA-A366-841E76F8E58C} = {6720B531-A527-42CB-96A8-DBC552043039}
		{458E3AC9-CB94-4D09-B48A-99C034B9035B} = {6720B531-A527-42CB-96A8-DBC552043039}
	EndGlobalSection
EndGlobal
